
Microsoft Visual Studio Solution File, Format Version 12.00
# Visual Studio Version 17
VisualStudioVersion = 17.10.34916.146
MinimumVisualStudioVersion = 10.0.40219.1
Project("{9A19103F-16F7-4668-BE54-9A1E7A4F7556}") = "ExcelParsing", "ExcelParsing\ExcelParsing.csproj", "{555AF162-4CDC-4DEF-AE43-A9C3FE70D6CC}"
EndProject
Project("{FAE04EC0-301F-11D3-BF4B-00C04F79EFBC}") = "ExcelParsing.Tests", "ExcelParsing.Tests\ExcelParsing.Tests.csproj", "{F3BC6C51-D451-458C-9590-5EA423F6FFB6}"
EndProject
Global
	GlobalSection(SolutionConfigurationPlatforms) = preSolution
		Debug|Any CPU = Debug|Any CPU
		Release|Any CPU = Release|Any CPU
	EndGlobalSection
	GlobalSection(ProjectConfigurationPlatforms) = postSolution
		{555AF162-4CDC-4DEF-AE43-A9C3FE70D6CC}.Debug|Any CPU.ActiveCfg = Debug|Any CPU
		{555AF162-4CDC-4DEF-AE43-A9C3FE70D6CC}.Debug|Any CPU.Build.0 = Debug|Any CPU
		{555AF162-4CDC-4DEF-AE43-A9C3FE70D6CC}.Release|Any CPU.ActiveCfg = Release|Any CPU
		{555AF162-4CDC-4DEF-AE43-A9C3FE70D6CC}.Release|Any CPU.Build.0 = Release|Any CPU
		{F3BC6C51-D451-458C-9590-5EA423F6FFB6}.Debug|Any CPU.ActiveCfg = Debug|Any CPU
		{F3BC6C51-D451-458C-9590-5EA423F6FFB6}.Debug|Any CPU.Build.0 = Debug|Any CPU
		{F3BC6C51-D451-458C-9590-5EA423F6FFB6}.Release|Any CPU.ActiveCfg = Release|Any CPU
		{F3BC6C51-D451-458C-9590-5EA423F6FFB6}.Release|Any CPU.Build.0 = Release|Any CPU
	EndGlobalSection
	GlobalSection(SolutionProperties) = preSolution
		HideSolutionNode = FALSE
	EndGlobalSection
	GlobalSection(ExtensibilityGlobals) = postSolution
		SolutionGuid = {89B0903A-9455-47D1-BB24-DA69ABE885C6}
	EndGlobalSection
EndGlobal
